
Microsoft Visual Studio Solution File, Format Version 12.00
# Visual Studio Version 16
VisualStudioVersion = 16.0.32126.315
MinimumVisualStudioVersion = 10.0.40219.1
Project("{FAE04EC0-301F-11D3-BF4B-00C04F79EFBC}") = "ElectronicKey", "ElectronicKey\ElectronicKey.csproj", "{CE0B81CE-9ED0-4273-8AE5-A8A08833ECEB}"
EndProject
Global
	GlobalSection(SolutionConfigurationPlatforms) = preSolution
		Debug|Any CPU = Debug|Any CPU
		Release|Any CPU = Release|Any CPU
	EndGlobalSection
	GlobalSection(ProjectConfigurationPlatforms) = postSolution
		{CE0B81CE-9ED0-4273-8AE5-A8A08833ECEB}.Debug|Any CPU.ActiveCfg = Debug|Any CPU
		{CE0B81CE-9ED0-4273-8AE5-A8A08833ECEB}.Debug|Any CPU.Build.0 = Debug|Any CPU
		{CE0B81CE-9ED0-4273-8AE5-A8A08833ECEB}.Release|Any CPU.ActiveCfg = Release|Any CPU
		{CE0B81CE-9ED0-4273-8AE5-A8A08833ECEB}.Release|Any CPU.Build.0 = Release|Any CPU
	EndGlobalSection
	GlobalSection(SolutionProperties) = preSolution
		HideSolutionNode = FALSE
	EndGlobalSection
	GlobalSection(ExtensibilityGlobals) = postSolution
		SolutionGuid = {58D06030-E9A7-43A4-A999-2BF6C055FC4E}
	EndGlobalSection
EndGlobal
